// !$*UTF8*$!
{
	archiveVersion = 1;
	classes = {
	};
	objectVersion = 46;
	objects = {

/* Begin PBXBuildFile section */
		8A9D09E31ECE240300626687 /* DataModel.swift in Sources */ = {isa = PBXBuildFile; fileRef = 8A9D09E21ECE240300626687 /* DataModel.swift */; };
		8AB15FB81EFC604A009D3803 /* IconPickerViewController.swift in Sources */ = {isa = PBXBuildFile; fileRef = 8AB15FB71EFC604A009D3803 /* IconPickerViewController.swift */; };
		8AC1BBC71EC633EE0064F070 /* AllViewController.swift in Sources */ = {isa = PBXBuildFile; fileRef = 8AC1BBC61EC633EE0064F070 /* AllViewController.swift */; };
		8AC1BBC91EC63D860064F070 /* Checklist.swift in Sources */ = {isa = PBXBuildFile; fileRef = 8AC1BBC81EC63D860064F070 /* Checklist.swift */; };
		8AC1BBCB1EC9F8C10064F070 /* ListDetailTableViewController.swift in Sources */ = {isa = PBXBuildFile; fileRef = 8AC1BBCA1EC9F8C10064F070 /* ListDetailTableViewController.swift */; };
		8AEC9FA81EB92F6E005DB0CE /* AppDelegate.swift in Sources */ = {isa = PBXBuildFile; fileRef = 8AEC9FA71EB92F6E005DB0CE /* AppDelegate.swift */; };
		8AEC9FAA1EB92F6E005DB0CE /* ChecklistViewController.swift in Sources */ = {isa = PBXBuildFile; fileRef = 8AEC9FA91EB92F6E005DB0CE /* ChecklistViewController.swift */; };
		8AEC9FAD1EB92F6E005DB0CE /* Main.storyboard in Resources */ = {isa = PBXBuildFile; fileRef = 8AEC9FAB1EB92F6E005DB0CE /* Main.storyboard */; };
		8AEC9FAF1EB92F6E005DB0CE /* Assets.xcassets in Resources */ = {isa = PBXBuildFile; fileRef = 8AEC9FAE1EB92F6E005DB0CE /* Assets.xcassets */; };
		8AEC9FBA1EBA480E005DB0CE /* ChecklistItem.swift in Sources */ = {isa = PBXBuildFile; fileRef = 8AEC9FB91EBA480E005DB0CE /* ChecklistItem.swift */; };
		8AEC9FBC1EBA6420005DB0CE /* ItemDetailViewController.swift in Sources */ = {isa = PBXBuildFile; fileRef = 8AEC9FBB1EBA6420005DB0CE /* ItemDetailViewController.swift */; };
/* End PBXBuildFile section */

/* Begin PBXFileReference section */
		8A9D09E21ECE240300626687 /* DataModel.swift */ = {isa = PBXFileReference; fileEncoding = 4; lastKnownFileType = sourcecode.swift; path = DataModel.swift; sourceTree = "<group>"; };
		8AB15FB71EFC604A009D3803 /* IconPickerViewController.swift */ = {isa = PBXFileReference; fileEncoding = 4; lastKnownFileType = sourcecode.swift; path = IconPickerViewController.swift; sourceTree = "<group>"; };
		8AC1BBC61EC633EE0064F070 /* AllViewController.swift */ = {isa = PBXFileReference; fileEncoding = 4; lastKnownFileType = sourcecode.swift; path = AllViewController.swift; sourceTree = "<group>"; };
		8AC1BBC81EC63D860064F070 /* Checklist.swift */ = {isa = PBXFileReference; fileEncoding = 4; lastKnownFileType = sourcecode.swift; path = Checklist.swift; sourceTree = "<group>"; };
		8AC1BBCA1EC9F8C10064F070 /* ListDetailTableViewController.swift */ = {isa = PBXFileReference; fileEncoding = 4; lastKnownFileType = sourcecode.swift; path = ListDetailTableViewController.swift; sourceTree = "<group>"; };
		8AEC9FA41EB92F6E005DB0CE /* Checklists.app */ = {isa = PBXFileReference; explicitFileType = wrapper.application; includeInIndex = 0; path = Checklists.app; sourceTree = BUILT_PRODUCTS_DIR; };
		8AEC9FA71EB92F6E005DB0CE /* AppDelegate.swift */ = {isa = PBXFileReference; lastKnownFileType = sourcecode.swift; path = AppDelegate.swift; sourceTree = "<group>"; };
		8AEC9FA91EB92F6E005DB0CE /* ChecklistViewController.swift */ = {isa = PBXFileReference; lastKnownFileType = sourcecode.swift; path = ChecklistViewController.swift; sourceTree = "<group>"; };
		8AEC9FAC1EB92F6E005DB0CE /* Base */ = {isa = PBXFileReference; lastKnownFileType = file.storyboard; name = Base; path = Base.lproj/Main.storyboard; sourceTree = "<group>"; };
		8AEC9FAE1EB92F6E005DB0CE /* Assets.xcassets */ = {isa = PBXFileReference; lastKnownFileType = folder.assetcatalog; path = Assets.xcassets; sourceTree = "<group>"; };
		8AEC9FB31EB92F6E005DB0CE /* Info.plist */ = {isa = PBXFileReference; lastKnownFileType = text.plist.xml; path = Info.plist; sourceTree = "<group>"; };
		8AEC9FB91EBA480E005DB0CE /* ChecklistItem.swift */ = {isa = PBXFileReference; fileEncoding = 4; lastKnownFileType = sourcecode.swift; path = ChecklistItem.swift; sourceTree = "<group>"; };
		8AEC9FBB1EBA6420005DB0CE /* ItemDetailViewController.swift */ = {isa = PBXFileReference; fileEncoding = 4; lastKnownFileType = sourcecode.swift; path = ItemDetailViewController.swift; sourceTree = "<group>"; };
/* End PBXFileReference section */

/* Begin PBXFrameworksBuildPhase section */
		8AEC9FA11EB92F6E005DB0CE /* Frameworks */ = {
			isa = PBXFrameworksBuildPhase;
			buildActionMask = 2147483647;
			files = (
			);
			runOnlyForDeploymentPostprocessing = 0;
		};
/* End PBXFrameworksBuildPhase section */

/* Begin PBXGroup section */
		8AEC9F9B1EB92F6E005DB0CE = {
			isa = PBXGroup;
			children = (
				8AEC9FA61EB92F6E005DB0CE /* Checklists */,
				8AEC9FA51EB92F6E005DB0CE /* Products */,
			);
			sourceTree = "<group>";
		};
		8AEC9FA51EB92F6E005DB0CE /* Products */ = {
			isa = PBXGroup;
			children = (
				8AEC9FA41EB92F6E005DB0CE /* Checklists.app */,
			);
			name = Products;
			sourceTree = "<group>";
		};
		8AEC9FA61EB92F6E005DB0CE /* Checklists */ = {
			isa = PBXGroup;
			children = (
				8AEC9FA71EB92F6E005DB0CE /* AppDelegate.swift */,
				8A9D09E21ECE240300626687 /* DataModel.swift */,
				8AEC9FA91EB92F6E005DB0CE /* ChecklistViewController.swift */,
				8AC1BBC61EC633EE0064F070 /* AllViewController.swift */,
				8AC1BBC81EC63D860064F070 /* Checklist.swift */,
				8AEC9FAB1EB92F6E005DB0CE /* Main.storyboard */,
				8AEC9FBB1EBA6420005DB0CE /* ItemDetailViewController.swift */,
				8AC1BBCA1EC9F8C10064F070 /* ListDetailTableViewController.swift */,
				8AEC9FAE1EB92F6E005DB0CE /* Assets.xcassets */,
				8AEC9FB31EB92F6E005DB0CE /* Info.plist */,
				8AEC9FB91EBA480E005DB0CE /* ChecklistItem.swift */,
				8AB15FB71EFC604A009D3803 /* IconPickerViewController.swift */,
			);
			path = Checklists;
			sourceTree = "<group>";
		};
/* End PBXGroup section */

/* Begin PBXNativeTarget section */
		8AEC9FA31EB92F6E005DB0CE /* Checklists */ = {
			isa = PBXNativeTarget;
			buildConfigurationList = 8AEC9FB61EB92F6E005DB0CE /* Build configuration list for PBXNativeTarget "Checklists" */;
			buildPhases = (
				8AEC9FA01EB92F6E005DB0CE /* Sources */,
				8AEC9FA11EB92F6E005DB0CE /* Frameworks */,
				8AEC9FA21EB92F6E005DB0CE /* Resources */,
			);
			buildRules = (
			);
			dependencies = (
			);
			name = Checklists;
			productName = Checklists;
			productReference = 8AEC9FA41EB92F6E005DB0CE /* Checklists.app */;
			productType = "com.apple.product-type.application";
		};
/* End PBXNativeTarget section */

/* Begin PBXProject section */
		8AEC9F9C1EB92F6E005DB0CE /* Project object */ = {
			isa = PBXProject;
			attributes = {
				LastSwiftUpdateCheck = 0830;
				LastUpgradeCheck = 0830;
				ORGANIZATIONNAME = BEPID;
				TargetAttributes = {
					8AEC9FA31EB92F6E005DB0CE = {
						CreatedOnToolsVersion = 8.3.2;
						DevelopmentTeam = JC4QT73C9E;
						ProvisioningStyle = Automatic;
					};
				};
			};
			buildConfigurationList = 8AEC9F9F1EB92F6E005DB0CE /* Build configuration list for PBXProject "Checklists" */;
			compatibilityVersion = "Xcode 3.2";
			developmentRegion = English;
			hasScannedForEncodings = 0;
			knownRegions = (
				en,
				Base,
			);
			mainGroup = 8AEC9F9B1EB92F6E005DB0CE;
			productRefGroup = 8AEC9FA51EB92F6E005DB0CE /* Products */;
			projectDirPath = "";
			projectRoot = "";
			targets = (
				8AEC9FA31EB92F6E005DB0CE /* Checklists */,
			);
		};
/* End PBXProject section */

/* Begin PBXResourcesBuildPhase section */
		8AEC9FA21EB92F6E005DB0CE /* Resources */ = {
			isa = PBXResourcesBuildPhase;
			buildActionMask = 2147483647;
			files = (
				8AEC9FAF1EB92F6E005DB0CE /* Assets.xcassets in Resources */,
				8AEC9FAD1EB92F6E005DB0CE /* Main.storyboard in Resources */,
			);
			runOnlyForDeploymentPostprocessing = 0;
		};
/* End PBXResourcesBuildPhase section */

/* Begin PBXSourcesBuildPhase section */
		8AEC9FA01EB92F6E005DB0CE /* Sources */ = {
			isa = PBXSourcesBuildPhase;
			buildActionMask = 2147483647;
			files = (
				8AEC9FBC1EBA6420005DB0CE /* ItemDetailViewController.swift in Sources */,
				8AC1BBC71EC633EE0064F070 /* AllViewController.swift in Sources */,
				8AC1BBC91EC63D860064F070 /* Checklist.swift in Sources */,
				8AB15FB81EFC604A009D3803 /* IconPickerViewController.swift in Sources */,
				8AEC9FAA1EB92F6E005DB0CE /* ChecklistViewController.swift in Sources */,
				8AEC9FBA1EBA480E005DB0CE /* ChecklistItem.swift in Sources */,
				8A9D09E31ECE240300626687 /* DataModel.swift in Sources */,
				8AEC9FA81EB92F6E005DB0CE /* AppDelegate.swift in Sources */,
				8AC1BBCB1EC9F8C10064F070 /* ListDetailTableViewController.swift in Sources */,
			);
			runOnlyForDeploymentPostprocessing = 0;
		};
/* End PBXSourcesBuildPhase section */

/* Begin PBXVariantGroup section */
		8AEC9FAB1EB92F6E005DB0CE /* Main.storyboard */ = {
			isa = PBXVariantGroup;
			children = (
				8AEC9FAC1EB92F6E005DB0CE /* Base */,
			);
			name = Main.storyboard;
			sourceTree = "<group>";
		};
/* End PBXVariantGroup section */

/* Begin XCBuildConfiguration section */
		8AEC9FB41EB92F6E005DB0CE /* Debug */ = {
			isa = XCBuildConfiguration;
			buildSettings = {
				ALWAYS_SEARCH_USER_PATHS = NO;
				CLANG_ANALYZER_NONNULL = YES;
				CLANG_ANALYZER_NUMBER_OBJECT_CONVERSION = YES_AGGRESSIVE;
				CLANG_CXX_LANGUAGE_STANDARD = "gnu++0x";
				CLANG_CXX_LIBRARY = "libc++";
				CLANG_ENABLE_MODULES = YES;
				CLANG_ENABLE_OBJC_ARC = YES;
				CLANG_WARN_BOOL_CONVERSION = YES;
				CLANG_WARN_CONSTANT_CONVERSION = YES;
				CLANG_WARN_DIRECT_OBJC_ISA_USAGE = YES_ERROR;
				CLANG_WARN_DOCUMENTATION_COMMENTS = YES;
				CLANG_WARN_EMPTY_BODY = YES;
				CLANG_WARN_ENUM_CONVERSION = YES;
				CLANG_WARN_INFINITE_RECURSION = YES;
				CLANG_WARN_INT_CONVERSION = YES;
				CLANG_WARN_OBJC_ROOT_CLASS = YES_ERROR;
				CLANG_WARN_SUSPICIOUS_MOVE = YES;
				CLANG_WARN_UNREACHABLE_CODE = YES;
				CLANG_WARN__DUPLICATE_METHOD_MATCH = YES;
				"CODE_SIGN_IDENTITY[sdk=iphoneos*]" = "iPhone Developer";
				COPY_PHASE_STRIP = NO;
				DEBUG_INFORMATION_FORMAT = dwarf;
				ENABLE_STRICT_OBJC_MSGSEND = YES;
				ENABLE_TESTABILITY = YES;
				GCC_C_LANGUAGE_STANDARD = gnu99;
				GCC_DYNAMIC_NO_PIC = NO;
				GCC_NO_COMMON_BLOCKS = YES;
				GCC_OPTIMIZATION_LEVEL = 0;
				GCC_PREPROCESSOR_DEFINITIONS = (
					"DEBUG=1",
					"$(inherited)",
				);
				GCC_WARN_64_TO_32_BIT_CONVERSION = YES;
				GCC_WARN_ABOUT_RETURN_TYPE = YES_ERROR;
				GCC_WARN_UNDECLARED_SELECTOR = YES;
				GCC_WARN_UNINITIALIZED_AUTOS = YES_AGGRESSIVE;
				GCC_WARN_UNUSED_FUNCTION = YES;
				GCC_WARN_UNUSED_VARIABLE = YES;
				IPHONEOS_DEPLOYMENT_TARGET = 10.3;
				MTL_ENABLE_DEBUG_INFO = YES;
				ONLY_ACTIVE_ARCH = YES;
				SDKROOT = iphoneos;
				SWIFT_ACTIVE_COMPILATION_CONDITIONS = DEBUG;
				SWIFT_OPTIMIZATION_LEVEL = "-Onone";
				TARGETED_DEVICE_FAMILY = "1,2";
			};
			name = Debug;
		};
		8AEC9FB51EB92F6E005DB0CE /* Release */ = {
			isa = XCBuildConfiguration;
			buildSettings = {
				ALWAYS_SEARCH_USER_PATHS = NO;
				CLANG_ANALYZER_NONNULL = YES;
				CLANG_ANALYZER_NUMBER_OBJECT_CONVERSION = YES_AGGRESSIVE;
				CLANG_CXX_LANGUAGE_STANDARD = "gnu++0x";
				CLANG_CXX_LIBRARY = "libc++";
				CLANG_ENABLE_MODULES = YES;
				CLANG_ENABLE_OBJC_ARC = YES;
				CLANG_WARN_BOOL_CONVERSION = YES;
				CLANG_WARN_CONSTANT_CONVERSION = YES;
				CLANG_WARN_DIRECT_OBJC_ISA_USAGE = YES_ERROR;
				CLANG_WARN_DOCUMENTATION_COMMENTS = YES;
				CLANG_WARN_EMPTY_BODY = YES;
				CLANG_WARN_ENUM_CONVERSION = YES;
				CLANG_WARN_INFINITE_RECURSION = YES;
				CLANG_WARN_INT_CONVERSION = YES;
				CLANG_WARN_OBJC_ROOT_CLASS = YES_ERROR;
				CLANG_WARN_SUSPICIOUS_MOVE = YES;
				CLANG_WARN_UNREACHABLE_CODE = YES;
				CLANG_WARN__DUPLICATE_METHOD_MATCH = YES;
				"CODE_SIGN_IDENTITY[sdk=iphoneos*]" = "iPhone Developer";
				COPY_PHASE_STRIP = NO;
				DEBUG_INFORMATION_FORMAT = "dwarf-with-dsym";
				ENABLE_NS_ASSERTIONS = NO;
				ENABLE_STRICT_OBJC_MSGSEND = YES;
				GCC_C_LANGUAGE_STANDARD = gnu99;
				GCC_NO_COMMON_BLOCKS = YES;
				GCC_WARN_64_TO_32_BIT_CONVERSION = YES;
				GCC_WARN_ABOUT_RETURN_TYPE = YES_ERROR;
				GCC_WARN_UNDECLARED_SELECTOR = YES;
				GCC_WARN_UNINITIALIZED_AUTOS = YES_AGGRESSIVE;
				GCC_WARN_UNUSED_FUNCTION = YES;
				GCC_WARN_UNUSED_VARIABLE = YES;
				IPHONEOS_DEPLOYMENT_TARGET = 10.3;
				MTL_ENABLE_DEBUG_INFO = NO;
				SDKROOT = iphoneos;
				SWIFT_OPTIMIZATION_LEVEL = "-Owholemodule";
				TARGETED_DEVICE_FAMILY = "1,2";
				VALIDATE_PRODUCT = YES;
			};
			name = Release;
		};
		8AEC9FB71EB92F6E005DB0CE /* Debug */ = {
			isa = XCBuildConfiguration;
			buildSettings = {
				ASSETCATALOG_COMPILER_APPICON_NAME = AppIcon;
				DEVELOPMENT_TEAM = JC4QT73C9E;
				INFOPLIST_FILE = Checklists/Info.plist;
				LD_RUNPATH_SEARCH_PATHS = "$(inherited) @executable_path/Frameworks";
				PRODUCT_BUNDLE_IDENTIFIER = br.com.bepiducb.Checklists;
				PRODUCT_NAME = "$(TARGET_NAME)";
				SWIFT_VERSION = 3.0;
			};
			name = Debug;
		};
		8AEC9FB81EB92F6E005DB0CE /* Release */ = {
			isa = XCBuildConfiguration;
			buildSettings = {
				ASSETCATALOG_COMPILER_APPICON_NAME = AppIcon;
				DEVELOPMENT_TEAM = JC4QT73C9E;
				INFOPLIST_FILE = Checklists/Info.plist;
				LD_RUNPATH_SEARCH_PATHS = "$(inherited) @executable_path/Frameworks";
				PRODUCT_BUNDLE_IDENTIFIER = br.com.bepiducb.Checklists;
				PRODUCT_NAME = "$(TARGET_NAME)";
				SWIFT_VERSION = 3.0;
			};
			name = Release;
		};
/* End XCBuildConfiguration section */

/* Begin XCConfigurationList section */
		8AEC9F9F1EB92F6E005DB0CE /* Build configuration list for PBXProject "Checklists" */ = {
			isa = XCConfigurationList;
			buildConfigurations = (
				8AEC9FB41EB92F6E005DB0CE /* Debug */,
				8AEC9FB51EB92F6E005DB0CE /* Release */,
			);
			defaultConfigurationIsVisible = 0;
			defaultConfigurationName = Release;
		};
		8AEC9FB61EB92F6E005DB0CE /* Build configuration list for PBXNativeTarget "Checklists" */ = {
			isa = XCConfigurationList;
			buildConfigurations = (
				8AEC9FB71EB92F6E005DB0CE /* Debug */,
				8AEC9FB81EB92F6E005DB0CE /* Release */,
			);
			defaultConfigurationIsVisible = 0;
			defaultConfigurationName = Release;
		};
/* End XCConfigurationList section */
	};
	rootObject = 8AEC9F9C1EB92F6E005DB0CE /* Project object */;
}
